
Microsoft Visual Studio Solution File, Format Version 12.00
# Visual Studio 2013
VisualStudioVersion = 12.0.21005.1
MinimumVisualStudioVersion = 10.0.40219.1
Project("{8BC9CEB8-8B4A-11D0-8D11-00A0C91BC942}") = "base", "base\base.vcxproj", "{53D3F36B-20D2-4CFD-9FAA-095A59544D6E}"
EndProject
Project("{2150E333-8FDC-42A3-9474-1A3956D46DE8}") = "Test", "Test", "{8A7B6455-6D58-45C4-BB70-F95BAE6585B1}"
EndProject
Project("{8BC9CEB8-8B4A-11D0-8D11-00A0C91BC942}") = "at_exit_unittest", "unit_test\at_exit_unittest\at_exit_unittest.vcxproj", "{E30D024D-67E1-4008-87B0-B6F356DB00D3}"
EndProject
Project("{8BC9CEB8-8B4A-11D0-8D11-00A0C91BC942}") = "gtest", "testing\gtest\msvc\gtest.vcxproj", "{C8F6C172-56F2-4E76-B5FA-C3B423B31BE7}"
EndProject
Project("{8BC9CEB8-8B4A-11D0-8D11-00A0C91BC942}") = "file_path_unittest", "unit_test\file_path_unittest\file_path_unittest.vcxproj", "{F44B525A-B0FA-47D6-8824-BF029691D534}"
EndProject
Project("{8BC9CEB8-8B4A-11D0-8D11-00A0C91BC942}") = "message_loop_unittest", "unit_test\message_loop_unittest\message_loop_unittest.vcxproj", "{49C2D37F-001D-4979-8016-DD653DC100D2}"
EndProject
Project("{8BC9CEB8-8B4A-11D0-8D11-00A0C91BC942}") = "ipc", "ipc\ipc.vcxproj", "{09231256-9249-4E87-814F-26322F4A2E47}"
EndProject
Project("{8BC9CEB8-8B4A-11D0-8D11-00A0C91BC942}") = "ipc_client", "unit_test\ipc_client\ipc_client.vcxproj", "{2A2B98F3-47EA-4561-9481-B502BD676E81}"
EndProject
Project("{8BC9CEB8-8B4A-11D0-8D11-00A0C91BC942}") = "ipc_server", "unit_test\ipc_server\ipc_server.vcxproj", "{48C8F3E7-E3CA-4772-8DB9-C29EA1139892}"
EndProject
Project("{8BC9CEB8-8B4A-11D0-8D11-00A0C91BC942}") = "simple_thread_unittest", "unit_test\simple_thread_unittest\simple_thread_unittest.vcxproj", "{AD3410BB-E826-4086-829A-4512BF85C1D5}"
EndProject
Project("{8BC9CEB8-8B4A-11D0-8D11-00A0C91BC942}") = "ipc_sync_server", "unit_test\ipc_sync_server\ipc_sync_server.vcxproj", "{83BC0D4B-9FCD-43CD-923B-E724236AF25A}"
EndProject
Project("{8BC9CEB8-8B4A-11D0-8D11-00A0C91BC942}") = "ipc_sync_client", "unit_test\ipc_sync_client\ipc_sync_client.vcxproj", "{6B75EE99-C708-4DF5-AED9-20DA3D12B207}"
EndProject
Project("{8BC9CEB8-8B4A-11D0-8D11-00A0C91BC942}") = "fctbase", "fctbase\fctbase.vcxproj", "{D47213ED-F6DC-4B48-A40E-5B310DB628C5}"
EndProject
Project("{8BC9CEB8-8B4A-11D0-8D11-00A0C91BC942}") = "basedll", "base\basedll.vcxproj", "{2A83EC00-B40A-4F8B-B26C-745583E67300}"
EndProject
Project("{8BC9CEB8-8B4A-11D0-8D11-00A0C91BC942}") = "ipcdll", "ipc\ipcdll.vcxproj", "{6D1C257B-2D0F-4D38-AC6C-C5B648C6A08A}"
EndProject
Global
	GlobalSection(SolutionConfigurationPlatforms) = preSolution
		Debug|Win32 = Debug|Win32
		Debug|x64 = Debug|x64
		Release|Win32 = Release|Win32
		Release|x64 = Release|x64
	EndGlobalSection
	GlobalSection(ProjectConfigurationPlatforms) = postSolution
		{53D3F36B-20D2-4CFD-9FAA-095A59544D6E}.Debug|Win32.ActiveCfg = Debug|Win32
		{53D3F36B-20D2-4CFD-9FAA-095A59544D6E}.Debug|Win32.Build.0 = Debug|Win32
		{53D3F36B-20D2-4CFD-9FAA-095A59544D6E}.Debug|x64.ActiveCfg = Debug|Win32
		{53D3F36B-20D2-4CFD-9FAA-095A59544D6E}.Release|Win32.ActiveCfg = Release|Win32
		{53D3F36B-20D2-4CFD-9FAA-095A59544D6E}.Release|Win32.Build.0 = Release|Win32
		{53D3F36B-20D2-4CFD-9FAA-095A59544D6E}.Release|x64.ActiveCfg = Release|Win32
		{E30D024D-67E1-4008-87B0-B6F356DB00D3}.Debug|Win32.ActiveCfg = Debug|Win32
		{E30D024D-67E1-4008-87B0-B6F356DB00D3}.Debug|Win32.Build.0 = Debug|Win32
		{E30D024D-67E1-4008-87B0-B6F356DB00D3}.Debug|x64.ActiveCfg = Debug|x64
		{E30D024D-67E1-4008-87B0-B6F356DB00D3}.Debug|x64.Build.0 = Debug|x64
		{E30D024D-67E1-4008-87B0-B6F356DB00D3}.Release|Win32.ActiveCfg = Release|Win32
		{E30D024D-67E1-4008-87B0-B6F356DB00D3}.Release|Win32.Build.0 = Release|Win32
		{E30D024D-67E1-4008-87B0-B6F356DB00D3}.Release|x64.ActiveCfg = Release|x64
		{E30D024D-67E1-4008-87B0-B6F356DB00D3}.Release|x64.Build.0 = Release|x64
		{C8F6C172-56F2-4E76-B5FA-C3B423B31BE7}.Debug|Win32.ActiveCfg = Debug|Win32
		{C8F6C172-56F2-4E76-B5FA-C3B423B31BE7}.Debug|Win32.Build.0 = Debug|Win32
		{C8F6C172-56F2-4E76-B5FA-C3B423B31BE7}.Debug|x64.ActiveCfg = Debug|x64
		{C8F6C172-56F2-4E76-B5FA-C3B423B31BE7}.Debug|x64.Build.0 = Debug|x64
		{C8F6C172-56F2-4E76-B5FA-C3B423B31BE7}.Release|Win32.ActiveCfg = Release|Win32
		{C8F6C172-56F2-4E76-B5FA-C3B423B31BE7}.Release|Win32.Build.0 = Release|Win32
		{C8F6C172-56F2-4E76-B5FA-C3B423B31BE7}.Release|x64.ActiveCfg = Release|x64
		{C8F6C172-56F2-4E76-B5FA-C3B423B31BE7}.Release|x64.Build.0 = Release|x64
		{F44B525A-B0FA-47D6-8824-BF029691D534}.Debug|Win32.ActiveCfg = Debug|Win32
		{F44B525A-B0FA-47D6-8824-BF029691D534}.Debug|Win32.Build.0 = Debug|Win32
		{F44B525A-B0FA-47D6-8824-BF029691D534}.Debug|x64.ActiveCfg = Debug|x64
		{F44B525A-B0FA-47D6-8824-BF029691D534}.Debug|x64.Build.0 = Debug|x64
		{F44B525A-B0FA-47D6-8824-BF029691D534}.Release|Win32.ActiveCfg = Release|Win32
		{F44B525A-B0FA-47D6-8824-BF029691D534}.Release|Win32.Build.0 = Release|Win32
		{F44B525A-B0FA-47D6-8824-BF029691D534}.Release|x64.ActiveCfg = Release|x64
		{F44B525A-B0FA-47D6-8824-BF029691D534}.Release|x64.Build.0 = Release|x64
		{49C2D37F-001D-4979-8016-DD653DC100D2}.Debug|Win32.ActiveCfg = Debug|Win32
		{49C2D37F-001D-4979-8016-DD653DC100D2}.Debug|Win32.Build.0 = Debug|Win32
		{49C2D37F-001D-4979-8016-DD653DC100D2}.Debug|x64.ActiveCfg = Debug|x64
		{49C2D37F-001D-4979-8016-DD653DC100D2}.Debug|x64.Build.0 = Debug|x64
		{49C2D37F-001D-4979-8016-DD653DC100D2}.Release|Win32.ActiveCfg = Release|Win32
		{49C2D37F-001D-4979-8016-DD653DC100D2}.Release|Win32.Build.0 = Release|Win32
		{49C2D37F-001D-4979-8016-DD653DC100D2}.Release|x64.ActiveCfg = Release|x64
		{49C2D37F-001D-4979-8016-DD653DC100D2}.Release|x64.Build.0 = Release|x64
		{09231256-9249-4E87-814F-26322F4A2E47}.Debug|Win32.ActiveCfg = Debug|Win32
		{09231256-9249-4E87-814F-26322F4A2E47}.Debug|Win32.Build.0 = Debug|Win32
		{09231256-9249-4E87-814F-26322F4A2E47}.Debug|x64.ActiveCfg = Debug|Win32
		{09231256-9249-4E87-814F-26322F4A2E47}.Release|Win32.ActiveCfg = Release|Win32
		{09231256-9249-4E87-814F-26322F4A2E47}.Release|Win32.Build.0 = Release|Win32
		{09231256-9249-4E87-814F-26322F4A2E47}.Release|x64.ActiveCfg = Release|Win32
		{2A2B98F3-47EA-4561-9481-B502BD676E81}.Debug|Win32.ActiveCfg = Debug|Win32
		{2A2B98F3-47EA-4561-9481-B502BD676E81}.Debug|Win32.Build.0 = Debug|Win32
		{2A2B98F3-47EA-4561-9481-B502BD676E81}.Debug|x64.ActiveCfg = Debug|x64
		{2A2B98F3-47EA-4561-9481-B502BD676E81}.Debug|x64.Build.0 = Debug|x64
		{2A2B98F3-47EA-4561-9481-B502BD676E81}.Release|Win32.ActiveCfg = Release|Win32
		{2A2B98F3-47EA-4561-9481-B502BD676E81}.Release|Win32.Build.0 = Release|Win32
		{2A2B98F3-47EA-4561-9481-B502BD676E81}.Release|x64.ActiveCfg = Release|x64
		{2A2B98F3-47EA-4561-9481-B502BD676E81}.Release|x64.Build.0 = Release|x64
		{48C8F3E7-E3CA-4772-8DB9-C29EA1139892}.Debug|Win32.ActiveCfg = Debug|Win32
		{48C8F3E7-E3CA-4772-8DB9-C29EA1139892}.Debug|Win32.Build.0 = Debug|Win32
		{48C8F3E7-E3CA-4772-8DB9-C29EA1139892}.Debug|x64.ActiveCfg = Debug|x64
		{48C8F3E7-E3CA-4772-8DB9-C29EA1139892}.Debug|x64.Build.0 = Debug|x64
		{48C8F3E7-E3CA-4772-8DB9-C29EA1139892}.Release|Win32.ActiveCfg = Release|Win32
		{48C8F3E7-E3CA-4772-8DB9-C29EA1139892}.Release|Win32.Build.0 = Release|Win32
		{48C8F3E7-E3CA-4772-8DB9-C29EA1139892}.Release|x64.ActiveCfg = Release|x64
		{48C8F3E7-E3CA-4772-8DB9-C29EA1139892}.Release|x64.Build.0 = Release|x64
		{AD3410BB-E826-4086-829A-4512BF85C1D5}.Debug|Win32.ActiveCfg = Debug|Win32
		{AD3410BB-E826-4086-829A-4512BF85C1D5}.Debug|Win32.Build.0 = Debug|Win32
		{AD3410BB-E826-4086-829A-4512BF85C1D5}.Debug|x64.ActiveCfg = Debug|x64
		{AD3410BB-E826-4086-829A-4512BF85C1D5}.Debug|x64.Build.0 = Debug|x64
		{AD3410BB-E826-4086-829A-4512BF85C1D5}.Release|Win32.ActiveCfg = Release|Win32
		{AD3410BB-E826-4086-829A-4512BF85C1D5}.Release|Win32.Build.0 = Release|Win32
		{AD3410BB-E826-4086-829A-4512BF85C1D5}.Release|x64.ActiveCfg = Release|x64
		{AD3410BB-E826-4086-829A-4512BF85C1D5}.Release|x64.Build.0 = Release|x64
		{83BC0D4B-9FCD-43CD-923B-E724236AF25A}.Debug|Win32.ActiveCfg = Debug|Win32
		{83BC0D4B-9FCD-43CD-923B-E724236AF25A}.Debug|Win32.Build.0 = Debug|Win32
		{83BC0D4B-9FCD-43CD-923B-E724236AF25A}.Debug|x64.ActiveCfg = Debug|x64
		{83BC0D4B-9FCD-43CD-923B-E724236AF25A}.Debug|x64.Build.0 = Debug|x64
		{83BC0D4B-9FCD-43CD-923B-E724236AF25A}.Release|Win32.ActiveCfg = Release|Win32
		{83BC0D4B-9FCD-43CD-923B-E724236AF25A}.Release|Win32.Build.0 = Release|Win32
		{83BC0D4B-9FCD-43CD-923B-E724236AF25A}.Release|x64.ActiveCfg = Release|x64
		{83BC0D4B-9FCD-43CD-923B-E724236AF25A}.Release|x64.Build.0 = Release|x64
		{6B75EE99-C708-4DF5-AED9-20DA3D12B207}.Debug|Win32.ActiveCfg = Debug|Win32
		{6B75EE99-C708-4DF5-AED9-20DA3D12B207}.Debug|Win32.Build.0 = Debug|Win32
		{6B75EE99-C708-4DF5-AED9-20DA3D12B207}.Debug|x64.ActiveCfg = Debug|x64
		{6B75EE99-C708-4DF5-AED9-20DA3D12B207}.Debug|x64.Build.0 = Debug|x64
		{6B75EE99-C708-4DF5-AED9-20DA3D12B207}.Release|Win32.ActiveCfg = Release|Win32
		{6B75EE99-C708-4DF5-AED9-20DA3D12B207}.Release|Win32.Build.0 = Release|Win32
		{6B75EE99-C708-4DF5-AED9-20DA3D12B207}.Release|x64.ActiveCfg = Release|x64
		{6B75EE99-C708-4DF5-AED9-20DA3D12B207}.Release|x64.Build.0 = Release|x64
		{D47213ED-F6DC-4B48-A40E-5B310DB628C5}.Debug|Win32.ActiveCfg = Debug|Win32
		{D47213ED-F6DC-4B48-A40E-5B310DB628C5}.Debug|Win32.Build.0 = Debug|Win32
		{D47213ED-F6DC-4B48-A40E-5B310DB628C5}.Debug|x64.ActiveCfg = Debug|Win32
		{D47213ED-F6DC-4B48-A40E-5B310DB628C5}.Release|Win32.ActiveCfg = Release|Win32
		{D47213ED-F6DC-4B48-A40E-5B310DB628C5}.Release|Win32.Build.0 = Release|Win32
		{D47213ED-F6DC-4B48-A40E-5B310DB628C5}.Release|x64.ActiveCfg = Release|Win32
		{2A83EC00-B40A-4F8B-B26C-745583E67300}.Debug|Win32.ActiveCfg = Debug|Win32
		{2A83EC00-B40A-4F8B-B26C-745583E67300}.Debug|Win32.Build.0 = Debug|Win32
		{2A83EC00-B40A-4F8B-B26C-745583E67300}.Debug|x64.ActiveCfg = Debug|x64
		{2A83EC00-B40A-4F8B-B26C-745583E67300}.Debug|x64.Build.0 = Debug|x64
		{2A83EC00-B40A-4F8B-B26C-745583E67300}.Release|Win32.ActiveCfg = Release|Win32
		{2A83EC00-B40A-4F8B-B26C-745583E67300}.Release|Win32.Build.0 = Release|Win32
		{2A83EC00-B40A-4F8B-B26C-745583E67300}.Release|x64.ActiveCfg = Release|x64
		{2A83EC00-B40A-4F8B-B26C-745583E67300}.Release|x64.Build.0 = Release|x64
		{6D1C257B-2D0F-4D38-AC6C-C5B648C6A08A}.Debug|Win32.ActiveCfg = Debug|Win32
		{6D1C257B-2D0F-4D38-AC6C-C5B648C6A08A}.Debug|Win32.Build.0 = Debug|Win32
		{6D1C257B-2D0F-4D38-AC6C-C5B648C6A08A}.Debug|x64.ActiveCfg = Debug|x64
		{6D1C257B-2D0F-4D38-AC6C-C5B648C6A08A}.Debug|x64.Build.0 = Debug|x64
		{6D1C257B-2D0F-4D38-AC6C-C5B648C6A08A}.Release|Win32.ActiveCfg = Release|Win32
		{6D1C257B-2D0F-4D38-AC6C-C5B648C6A08A}.Release|Win32.Build.0 = Release|Win32
		{6D1C257B-2D0F-4D38-AC6C-C5B648C6A08A}.Release|x64.ActiveCfg = Release|x64
		{6D1C257B-2D0F-4D38-AC6C-C5B648C6A08A}.Release|x64.Build.0 = Release|x64
	EndGlobalSection
	GlobalSection(SolutionProperties) = preSolution
		HideSolutionNode = FALSE
	EndGlobalSection
	GlobalSection(NestedProjects) = preSolution
		{E30D024D-67E1-4008-87B0-B6F356DB00D3} = {8A7B6455-6D58-45C4-BB70-F95BAE6585B1}
		{F44B525A-B0FA-47D6-8824-BF029691D534} = {8A7B6455-6D58-45C4-BB70-F95BAE6585B1}
		{49C2D37F-001D-4979-8016-DD653DC100D2} = {8A7B6455-6D58-45C4-BB70-F95BAE6585B1}
		{2A2B98F3-47EA-4561-9481-B502BD676E81} = {8A7B6455-6D58-45C4-BB70-F95BAE6585B1}
		{48C8F3E7-E3CA-4772-8DB9-C29EA1139892} = {8A7B6455-6D58-45C4-BB70-F95BAE6585B1}
		{AD3410BB-E826-4086-829A-4512BF85C1D5} = {8A7B6455-6D58-45C4-BB70-F95BAE6585B1}
		{83BC0D4B-9FCD-43CD-923B-E724236AF25A} = {8A7B6455-6D58-45C4-BB70-F95BAE6585B1}
		{6B75EE99-C708-4DF5-AED9-20DA3D12B207} = {8A7B6455-6D58-45C4-BB70-F95BAE6585B1}
	EndGlobalSection
EndGlobal
