
Microsoft Visual Studio Solution File, Format Version 12.00
# Visual Studio 2013
VisualStudioVersion = 12.0.21005.1
MinimumVisualStudioVersion = 10.0.40219.1
Project("{8BC9CEB8-8B4A-11D0-8D11-00A0C91BC942}") = "base", "base\base.vcxproj", "{53D3F36B-20D2-4CFD-9FAA-095A59544D6E}"
EndProject
Project("{2150E333-8FDC-42A3-9474-1A3956D46DE8}") = "Test", "Test", "{8A7B6455-6D58-45C4-BB70-F95BAE6585B1}"
EndProject
Project("{8BC9CEB8-8B4A-11D0-8D11-00A0C91BC942}") = "at_exit_unittest", "unit_test\at_exit_unittest\at_exit_unittest.vcxproj", "{E30D024D-67E1-4008-87B0-B6F356DB00D3}"
EndProject
Project("{8BC9CEB8-8B4A-11D0-8D11-00A0C91BC942}") = "gtest", "testing\gtest\msvc\gtest.vcxproj", "{C8F6C172-56F2-4E76-B5FA-C3B423B31BE7}"
EndProject
Project("{8BC9CEB8-8B4A-11D0-8D11-00A0C91BC942}") = "file_path_unittest", "unit_test\file_path_unittest\file_path_unittest.vcxproj", "{F44B525A-B0FA-47D6-8824-BF029691D534}"
EndProject
Global
	GlobalSection(SolutionConfigurationPlatforms) = preSolution
		Debug|Win32 = Debug|Win32
		Debug|x64 = Debug|x64
		Release|Win32 = Release|Win32
		Release|x64 = Release|x64
	EndGlobalSection
	GlobalSection(ProjectConfigurationPlatforms) = postSolution
		{53D3F36B-20D2-4CFD-9FAA-095A59544D6E}.Debug|Win32.ActiveCfg = Debug|Win32
		{53D3F36B-20D2-4CFD-9FAA-095A59544D6E}.Debug|Win32.Build.0 = Debug|Win32
		{53D3F36B-20D2-4CFD-9FAA-095A59544D6E}.Debug|x64.ActiveCfg = Debug|Win32
		{53D3F36B-20D2-4CFD-9FAA-095A59544D6E}.Release|Win32.ActiveCfg = Release|Win32
		{53D3F36B-20D2-4CFD-9FAA-095A59544D6E}.Release|Win32.Build.0 = Release|Win32
		{53D3F36B-20D2-4CFD-9FAA-095A59544D6E}.Release|x64.ActiveCfg = Release|Win32
		{E30D024D-67E1-4008-87B0-B6F356DB00D3}.Debug|Win32.ActiveCfg = Debug|Win32
		{E30D024D-67E1-4008-87B0-B6F356DB00D3}.Debug|Win32.Build.0 = Debug|Win32
		{E30D024D-67E1-4008-87B0-B6F356DB00D3}.Debug|x64.ActiveCfg = Debug|Win32
		{E30D024D-67E1-4008-87B0-B6F356DB00D3}.Release|Win32.ActiveCfg = Release|Win32
		{E30D024D-67E1-4008-87B0-B6F356DB00D3}.Release|Win32.Build.0 = Release|Win32
		{E30D024D-67E1-4008-87B0-B6F356DB00D3}.Release|x64.ActiveCfg = Release|Win32
		{C8F6C172-56F2-4E76-B5FA-C3B423B31BE7}.Debug|Win32.ActiveCfg = Debug|Win32
		{C8F6C172-56F2-4E76-B5FA-C3B423B31BE7}.Debug|Win32.Build.0 = Debug|Win32
		{C8F6C172-56F2-4E76-B5FA-C3B423B31BE7}.Debug|x64.ActiveCfg = Debug|Win32
		{C8F6C172-56F2-4E76-B5FA-C3B423B31BE7}.Release|Win32.ActiveCfg = Release|Win32
		{C8F6C172-56F2-4E76-B5FA-C3B423B31BE7}.Release|Win32.Build.0 = Release|Win32
		{C8F6C172-56F2-4E76-B5FA-C3B423B31BE7}.Release|x64.ActiveCfg = Release|Win32
		{F44B525A-B0FA-47D6-8824-BF029691D534}.Debug|Win32.ActiveCfg = Debug|Win32
		{F44B525A-B0FA-47D6-8824-BF029691D534}.Debug|Win32.Build.0 = Debug|Win32
		{F44B525A-B0FA-47D6-8824-BF029691D534}.Debug|x64.ActiveCfg = Debug|Win32
		{F44B525A-B0FA-47D6-8824-BF029691D534}.Release|Win32.ActiveCfg = Release|Win32
		{F44B525A-B0FA-47D6-8824-BF029691D534}.Release|Win32.Build.0 = Release|Win32
		{F44B525A-B0FA-47D6-8824-BF029691D534}.Release|x64.ActiveCfg = Release|Win32
	EndGlobalSection
	GlobalSection(SolutionProperties) = preSolution
		HideSolutionNode = FALSE
	EndGlobalSection
	GlobalSection(NestedProjects) = preSolution
		{E30D024D-67E1-4008-87B0-B6F356DB00D3} = {8A7B6455-6D58-45C4-BB70-F95BAE6585B1}
		{F44B525A-B0FA-47D6-8824-BF029691D534} = {8A7B6455-6D58-45C4-BB70-F95BAE6585B1}
	EndGlobalSection
EndGlobal
